
Microsoft Visual Studio Solution File, Format Version 12.00
# Visual Studio 15
VisualStudioVersion = 15.0.27703.2042
MinimumVisualStudioVersion = 10.0.40219.1
Project("{9092AA53-FB77-4645-B42D-1CCCA6BD08BD}") = "locallibrary_website", "locallibrary_website\locallibrary_website.njsproj", "{DFF17326-0972-429A-975C-44BF583AD808}"
EndProject
Global
	GlobalSection(SolutionConfigurationPlatforms) = preSolution
		Debug|Any CPU = Debug|Any CPU
		Release|Any CPU = Release|Any CPU
	EndGlobalSection
	GlobalSection(ProjectConfigurationPlatforms) = postSolution
		{DFF17326-0972-429A-975C-44BF583AD808}.Debug|Any CPU.ActiveCfg = Debug|Any CPU
		{DFF17326-0972-429A-975C-44BF583AD808}.Debug|Any CPU.Build.0 = Debug|Any CPU
		{DFF17326-0972-429A-975C-44BF583AD808}.Release|Any CPU.ActiveCfg = Release|Any CPU
		{DFF17326-0972-429A-975C-44BF583AD808}.Release|Any CPU.Build.0 = Release|Any CPU
	EndGlobalSection
	GlobalSection(SolutionProperties) = preSolution
		HideSolutionNode = FALSE
	EndGlobalSection
	GlobalSection(ExtensibilityGlobals) = postSolution
		SolutionGuid = {DB14DE53-9286-40BE-B3E9-B5239D618A3A}
	EndGlobalSection
EndGlobal
